
Microsoft Visual Studio Solution File, Format Version 12.00
# Visual Studio 15
VisualStudioVersion = 15.0.27703.2026
MinimumVisualStudioVersion = 10.0.40219.1
Project("{9A19103F-16F7-4668-BE54-9A1E7A4F7556}") = "Iamonline", "Iamonline\Iamonline.csproj", "{F2540827-9F64-4B02-AD2A-60129A855114}"
EndProject
Project("{9A19103F-16F7-4668-BE54-9A1E7A4F7556}") = "Iamonline.Data", "Iamonline.Data\Iamonline.Data.csproj", "{E036646C-9AE4-40EA-9326-40E0A9939D0C}"
EndProject
Project("{9A19103F-16F7-4668-BE54-9A1E7A4F7556}") = "Iamonline.BusinessLogic", "Iamonline.BusinessLogic\Iamonline.BusinessLogic.csproj", "{C5472227-6B02-49D3-9FAF-FC202BE799A3}"
EndProject
Project("{FAE04EC0-301F-11D3-BF4B-00C04F79EFBC}") = "Iamonline.Data.ConsoleApp", "Iamonline.Data.ConsoleApp\Iamonline.Data.ConsoleApp.csproj", "{4DC987A2-4701-48C4-B32E-A705160A8CDD}"
EndProject
Global
	GlobalSection(SolutionConfigurationPlatforms) = preSolution
		Debug|Any CPU = Debug|Any CPU
		Release|Any CPU = Release|Any CPU
	EndGlobalSection
	GlobalSection(ProjectConfigurationPlatforms) = postSolution
		{F2540827-9F64-4B02-AD2A-60129A855114}.Debug|Any CPU.ActiveCfg = Debug|Any CPU
		{F2540827-9F64-4B02-AD2A-60129A855114}.Debug|Any CPU.Build.0 = Debug|Any CPU
		{F2540827-9F64-4B02-AD2A-60129A855114}.Release|Any CPU.ActiveCfg = Release|Any CPU
		{F2540827-9F64-4B02-AD2A-60129A855114}.Release|Any CPU.Build.0 = Release|Any CPU
		{E036646C-9AE4-40EA-9326-40E0A9939D0C}.Debug|Any CPU.ActiveCfg = Debug|Any CPU
		{E036646C-9AE4-40EA-9326-40E0A9939D0C}.Debug|Any CPU.Build.0 = Debug|Any CPU
		{E036646C-9AE4-40EA-9326-40E0A9939D0C}.Release|Any CPU.ActiveCfg = Release|Any CPU
		{E036646C-9AE4-40EA-9326-40E0A9939D0C}.Release|Any CPU.Build.0 = Release|Any CPU
		{C5472227-6B02-49D3-9FAF-FC202BE799A3}.Debug|Any CPU.ActiveCfg = Debug|Any CPU
		{C5472227-6B02-49D3-9FAF-FC202BE799A3}.Debug|Any CPU.Build.0 = Debug|Any CPU
		{C5472227-6B02-49D3-9FAF-FC202BE799A3}.Release|Any CPU.ActiveCfg = Release|Any CPU
		{C5472227-6B02-49D3-9FAF-FC202BE799A3}.Release|Any CPU.Build.0 = Release|Any CPU
		{4DC987A2-4701-48C4-B32E-A705160A8CDD}.Debug|Any CPU.ActiveCfg = Debug|Any CPU
		{4DC987A2-4701-48C4-B32E-A705160A8CDD}.Debug|Any CPU.Build.0 = Debug|Any CPU
		{4DC987A2-4701-48C4-B32E-A705160A8CDD}.Release|Any CPU.ActiveCfg = Release|Any CPU
		{4DC987A2-4701-48C4-B32E-A705160A8CDD}.Release|Any CPU.Build.0 = Release|Any CPU
	EndGlobalSection
	GlobalSection(SolutionProperties) = preSolution
		HideSolutionNode = FALSE
	EndGlobalSection
	GlobalSection(ExtensibilityGlobals) = postSolution
		SolutionGuid = {668CA3BD-60F5-44C3-9F0B-B3F2D285F372}
	EndGlobalSection
EndGlobal
