
Microsoft Visual Studio Solution File, Format Version 12.00
# Visual Studio 15
VisualStudioVersion = 15.0.27703.2026
MinimumVisualStudioVersion = 10.0.40219.1
Project("{9A19103F-16F7-4668-BE54-9A1E7A4F7556}") = "Iamonline", "Iamonline\Iamonline.csproj", "{F2540827-9F64-4B02-AD2A-60129A855114}"
EndProject
Project("{9A19103F-16F7-4668-BE54-9A1E7A4F7556}") = "Iamonline.Data", "Iamonline.Data\Iamonline.Data.csproj", "{E036646C-9AE4-40EA-9326-40E0A9939D0C}"
EndProject
Project("{9A19103F-16F7-4668-BE54-9A1E7A4F7556}") = "Iamonline.BusinessLogic", "Iamonline.BusinessLogic\Iamonline.BusinessLogic.csproj", "{C5472227-6B02-49D3-9FAF-FC202BE799A3}"
EndProject
Project("{FAE04EC0-301F-11D3-BF4B-00C04F79EFBC}") = "Iamonline.Context", "Iamonline.Context\Iamonline.Context.csproj", "{C6D7A920-7E38-4CFA-8F41-49E22AD54C21}"
EndProject
Project("{FAE04EC0-301F-11D3-BF4B-00C04F79EFBC}") = "Iamonline.Domain", "iamonline.domain\Iamonline.Domain.csproj", "{7F2C55D4-6696-4B85-B25E-BC94611885EC}"
EndProject
Project("{FAE04EC0-301F-11D3-BF4B-00C04F79EFBC}") = "Iamonline.Context.Seed", "Iamonline.Context.Seed\Iamonline.Context.Seed.csproj", "{641947EE-0936-4456-80B0-B8BBD73143B6}"
EndProject
Project("{FAE04EC0-301F-11D3-BF4B-00C04F79EFBC}") = "Iamonline.Interface", "Iamoneline.Interface\Iamonline.Interface.csproj", "{105B969E-7739-4D50-AA84-03792B013203}"
EndProject
Project("{FAE04EC0-301F-11D3-BF4B-00C04F79EFBC}") = "Iamonline.Entity", "Iamonline.Entity\Iamonline.Entity.csproj", "{F5EC85F0-CF48-4181-82BC-11C81B965069}"
EndProject
Project("{FAE04EC0-301F-11D3-BF4B-00C04F79EFBC}") = "Iamonline.ViewModel", "Iamonline.ViewModel\Iamonline.ViewModel.csproj", "{E54A512A-48E6-45EA-BF3E-EEAB442DF8C4}"
EndProject
Project("{FAE04EC0-301F-11D3-BF4B-00C04F79EFBC}") = "Iamonline.DTO", "Iamonline.DTO\Iamonline.DTO.csproj", "{10B98179-B4DE-4C8A-B8F3-EEE3C42757BB}"
EndProject
Global
	GlobalSection(SolutionConfigurationPlatforms) = preSolution
		Debug|Any CPU = Debug|Any CPU
		Release|Any CPU = Release|Any CPU
	EndGlobalSection
	GlobalSection(ProjectConfigurationPlatforms) = postSolution
		{F2540827-9F64-4B02-AD2A-60129A855114}.Debug|Any CPU.ActiveCfg = Debug|Any CPU
		{F2540827-9F64-4B02-AD2A-60129A855114}.Debug|Any CPU.Build.0 = Debug|Any CPU
		{F2540827-9F64-4B02-AD2A-60129A855114}.Release|Any CPU.ActiveCfg = Release|Any CPU
		{F2540827-9F64-4B02-AD2A-60129A855114}.Release|Any CPU.Build.0 = Release|Any CPU
		{E036646C-9AE4-40EA-9326-40E0A9939D0C}.Debug|Any CPU.ActiveCfg = Debug|Any CPU
		{E036646C-9AE4-40EA-9326-40E0A9939D0C}.Debug|Any CPU.Build.0 = Debug|Any CPU
		{E036646C-9AE4-40EA-9326-40E0A9939D0C}.Release|Any CPU.ActiveCfg = Release|Any CPU
		{E036646C-9AE4-40EA-9326-40E0A9939D0C}.Release|Any CPU.Build.0 = Release|Any CPU
		{C5472227-6B02-49D3-9FAF-FC202BE799A3}.Debug|Any CPU.ActiveCfg = Debug|Any CPU
		{C5472227-6B02-49D3-9FAF-FC202BE799A3}.Debug|Any CPU.Build.0 = Debug|Any CPU
		{C5472227-6B02-49D3-9FAF-FC202BE799A3}.Release|Any CPU.ActiveCfg = Release|Any CPU
		{C5472227-6B02-49D3-9FAF-FC202BE799A3}.Release|Any CPU.Build.0 = Release|Any CPU
		{C6D7A920-7E38-4CFA-8F41-49E22AD54C21}.Debug|Any CPU.ActiveCfg = Debug|Any CPU
		{C6D7A920-7E38-4CFA-8F41-49E22AD54C21}.Debug|Any CPU.Build.0 = Debug|Any CPU
		{C6D7A920-7E38-4CFA-8F41-49E22AD54C21}.Release|Any CPU.ActiveCfg = Release|Any CPU
		{C6D7A920-7E38-4CFA-8F41-49E22AD54C21}.Release|Any CPU.Build.0 = Release|Any CPU
		{7F2C55D4-6696-4B85-B25E-BC94611885EC}.Debug|Any CPU.ActiveCfg = Debug|Any CPU
		{7F2C55D4-6696-4B85-B25E-BC94611885EC}.Debug|Any CPU.Build.0 = Debug|Any CPU
		{7F2C55D4-6696-4B85-B25E-BC94611885EC}.Release|Any CPU.ActiveCfg = Release|Any CPU
		{7F2C55D4-6696-4B85-B25E-BC94611885EC}.Release|Any CPU.Build.0 = Release|Any CPU
		{641947EE-0936-4456-80B0-B8BBD73143B6}.Debug|Any CPU.ActiveCfg = Debug|Any CPU
		{641947EE-0936-4456-80B0-B8BBD73143B6}.Debug|Any CPU.Build.0 = Debug|Any CPU
		{641947EE-0936-4456-80B0-B8BBD73143B6}.Release|Any CPU.ActiveCfg = Release|Any CPU
		{641947EE-0936-4456-80B0-B8BBD73143B6}.Release|Any CPU.Build.0 = Release|Any CPU
		{105B969E-7739-4D50-AA84-03792B013203}.Debug|Any CPU.ActiveCfg = Debug|Any CPU
		{105B969E-7739-4D50-AA84-03792B013203}.Debug|Any CPU.Build.0 = Debug|Any CPU
		{105B969E-7739-4D50-AA84-03792B013203}.Release|Any CPU.ActiveCfg = Release|Any CPU
		{105B969E-7739-4D50-AA84-03792B013203}.Release|Any CPU.Build.0 = Release|Any CPU
		{F5EC85F0-CF48-4181-82BC-11C81B965069}.Debug|Any CPU.ActiveCfg = Debug|Any CPU
		{F5EC85F0-CF48-4181-82BC-11C81B965069}.Debug|Any CPU.Build.0 = Debug|Any CPU
		{F5EC85F0-CF48-4181-82BC-11C81B965069}.Release|Any CPU.ActiveCfg = Release|Any CPU
		{F5EC85F0-CF48-4181-82BC-11C81B965069}.Release|Any CPU.Build.0 = Release|Any CPU
		{E54A512A-48E6-45EA-BF3E-EEAB442DF8C4}.Debug|Any CPU.ActiveCfg = Debug|Any CPU
		{E54A512A-48E6-45EA-BF3E-EEAB442DF8C4}.Debug|Any CPU.Build.0 = Debug|Any CPU
		{E54A512A-48E6-45EA-BF3E-EEAB442DF8C4}.Release|Any CPU.ActiveCfg = Release|Any CPU
		{E54A512A-48E6-45EA-BF3E-EEAB442DF8C4}.Release|Any CPU.Build.0 = Release|Any CPU
		{10B98179-B4DE-4C8A-B8F3-EEE3C42757BB}.Debug|Any CPU.ActiveCfg = Debug|Any CPU
		{10B98179-B4DE-4C8A-B8F3-EEE3C42757BB}.Debug|Any CPU.Build.0 = Debug|Any CPU
		{10B98179-B4DE-4C8A-B8F3-EEE3C42757BB}.Release|Any CPU.ActiveCfg = Release|Any CPU
		{10B98179-B4DE-4C8A-B8F3-EEE3C42757BB}.Release|Any CPU.Build.0 = Release|Any CPU
	EndGlobalSection
	GlobalSection(SolutionProperties) = preSolution
		HideSolutionNode = FALSE
	EndGlobalSection
	GlobalSection(ExtensibilityGlobals) = postSolution
		SolutionGuid = {668CA3BD-60F5-44C3-9F0B-B3F2D285F372}
	EndGlobalSection
EndGlobal
